
Microsoft Visual Studio Solution File, Format Version 12.00
# Visual Studio Version 16
VisualStudioVersion = 16.0.29409.12
MinimumVisualStudioVersion = 10.0.40219.1
Project("{FAE04EC0-301F-11D3-BF4B-00C04F79EFBC}") = "Redactor", "Redactor\Redactor.csproj", "{03489C5B-2D8A-41B6-A230-8681298F2945}"
EndProject
Global
	GlobalSection(SolutionConfigurationPlatforms) = preSolution
		Debug|Any CPU = Debug|Any CPU
		Release|Any CPU = Release|Any CPU
	EndGlobalSection
	GlobalSection(ProjectConfigurationPlatforms) = postSolution
		{03489C5B-2D8A-41B6-A230-8681298F2945}.Debug|Any CPU.ActiveCfg = Debug|Any CPU
		{03489C5B-2D8A-41B6-A230-8681298F2945}.Debug|Any CPU.Build.0 = Debug|Any CPU
		{03489C5B-2D8A-41B6-A230-8681298F2945}.Release|Any CPU.ActiveCfg = Release|Any CPU
		{03489C5B-2D8A-41B6-A230-8681298F2945}.Release|Any CPU.Build.0 = Release|Any CPU
	EndGlobalSection
	GlobalSection(SolutionProperties) = preSolution
		HideSolutionNode = FALSE
	EndGlobalSection
	GlobalSection(ExtensibilityGlobals) = postSolution
		SolutionGuid = {54567535-D318-468E-8D26-FE7587FEC3BF}
	EndGlobalSection
EndGlobal
