
Microsoft Visual Studio Solution File, Format Version 12.00
# Visual Studio Version 16
VisualStudioVersion = 16.0.29920.165
MinimumVisualStudioVersion = 10.0.40219.1
Project("{FAE04EC0-301F-11D3-BF4B-00C04F79EFBC}") = "Task1", "LList\Task1.csproj", "{D5058CD7-5203-45C7-B986-460270C38990}"
EndProject
Project("{FAE04EC0-301F-11D3-BF4B-00C04F79EFBC}") = "Task3", "Task3\Task3.csproj", "{E3AC060E-1B7C-4288-B4EB-852CFD54B440}"
EndProject
Project("{FAE04EC0-301F-11D3-BF4B-00C04F79EFBC}") = "Task4", "Task4\Task4.csproj", "{D64E2F79-7BD8-4EEF-9601-D89B0B6973BD}"
EndProject
Global
	GlobalSection(SolutionConfigurationPlatforms) = preSolution
		Debug|Any CPU = Debug|Any CPU
		Release|Any CPU = Release|Any CPU
	EndGlobalSection
	GlobalSection(ProjectConfigurationPlatforms) = postSolution
		{D5058CD7-5203-45C7-B986-460270C38990}.Debug|Any CPU.ActiveCfg = Debug|Any CPU
		{D5058CD7-5203-45C7-B986-460270C38990}.Debug|Any CPU.Build.0 = Debug|Any CPU
		{D5058CD7-5203-45C7-B986-460270C38990}.Release|Any CPU.ActiveCfg = Release|Any CPU
		{D5058CD7-5203-45C7-B986-460270C38990}.Release|Any CPU.Build.0 = Release|Any CPU
		{E3AC060E-1B7C-4288-B4EB-852CFD54B440}.Debug|Any CPU.ActiveCfg = Debug|Any CPU
		{E3AC060E-1B7C-4288-B4EB-852CFD54B440}.Debug|Any CPU.Build.0 = Debug|Any CPU
		{E3AC060E-1B7C-4288-B4EB-852CFD54B440}.Release|Any CPU.ActiveCfg = Release|Any CPU
		{E3AC060E-1B7C-4288-B4EB-852CFD54B440}.Release|Any CPU.Build.0 = Release|Any CPU
		{D64E2F79-7BD8-4EEF-9601-D89B0B6973BD}.Debug|Any CPU.ActiveCfg = Debug|Any CPU
		{D64E2F79-7BD8-4EEF-9601-D89B0B6973BD}.Debug|Any CPU.Build.0 = Debug|Any CPU
		{D64E2F79-7BD8-4EEF-9601-D89B0B6973BD}.Release|Any CPU.ActiveCfg = Release|Any CPU
		{D64E2F79-7BD8-4EEF-9601-D89B0B6973BD}.Release|Any CPU.Build.0 = Release|Any CPU
	EndGlobalSection
	GlobalSection(SolutionProperties) = preSolution
		HideSolutionNode = FALSE
	EndGlobalSection
	GlobalSection(ExtensibilityGlobals) = postSolution
		SolutionGuid = {23304E38-6BA1-43F1-867E-F8FD677B746E}
	EndGlobalSection
EndGlobal
