
Microsoft Visual Studio Solution File, Format Version 12.00
# Visual Studio Version 16
VisualStudioVersion = 16.0.30002.166
MinimumVisualStudioVersion = 10.0.40219.1
Project("{FAE04EC0-301F-11D3-BF4B-00C04F79EFBC}") = "BinaryTree", "BinaryTree\BinaryTree.csproj", "{BDD183E2-3539-4405-B629-A1C8064E75CB}"
EndProject
Project("{9A19103F-16F7-4668-BE54-9A1E7A4F7556}") = "BinaryTreeTests", "NUnitTestProject1\BinaryTreeTests.csproj", "{576B09D4-DB57-4DB1-A7AA-14773B056D45}"
EndProject
Global
	GlobalSection(SolutionConfigurationPlatforms) = preSolution
		Debug|Any CPU = Debug|Any CPU
		Release|Any CPU = Release|Any CPU
	EndGlobalSection
	GlobalSection(ProjectConfigurationPlatforms) = postSolution
		{BDD183E2-3539-4405-B629-A1C8064E75CB}.Debug|Any CPU.ActiveCfg = Debug|Any CPU
		{BDD183E2-3539-4405-B629-A1C8064E75CB}.Debug|Any CPU.Build.0 = Debug|Any CPU
		{BDD183E2-3539-4405-B629-A1C8064E75CB}.Release|Any CPU.ActiveCfg = Release|Any CPU
		{BDD183E2-3539-4405-B629-A1C8064E75CB}.Release|Any CPU.Build.0 = Release|Any CPU
		{576B09D4-DB57-4DB1-A7AA-14773B056D45}.Debug|Any CPU.ActiveCfg = Debug|Any CPU
		{576B09D4-DB57-4DB1-A7AA-14773B056D45}.Debug|Any CPU.Build.0 = Debug|Any CPU
		{576B09D4-DB57-4DB1-A7AA-14773B056D45}.Release|Any CPU.ActiveCfg = Release|Any CPU
		{576B09D4-DB57-4DB1-A7AA-14773B056D45}.Release|Any CPU.Build.0 = Release|Any CPU
	EndGlobalSection
	GlobalSection(SolutionProperties) = preSolution
		HideSolutionNode = FALSE
	EndGlobalSection
	GlobalSection(ExtensibilityGlobals) = postSolution
		SolutionGuid = {3B487F7F-B593-4A97-B8FD-5666B5C3B332}
	EndGlobalSection
EndGlobal
